
Microsoft Visual Studio Solution File, Format Version 12.00
# Visual Studio 2012
Project("{FAE04EC0-301F-11D3-BF4B-00C04F79EFBC}") = "CoderSetup", "CoderSetup\CoderSetup.csproj", "{395F51B5-3A4D-46F5-A9B1-985B976B48AA}"
EndProject
Global
	GlobalSection(SolutionConfigurationPlatforms) = preSolution
		Debug|Any CPU = Debug|Any CPU
		Release|Any CPU = Release|Any CPU
	EndGlobalSection
	GlobalSection(ProjectConfigurationPlatforms) = postSolution
		{395F51B5-3A4D-46F5-A9B1-985B976B48AA}.Debug|Any CPU.ActiveCfg = Debug|Any CPU
		{395F51B5-3A4D-46F5-A9B1-985B976B48AA}.Debug|Any CPU.Build.0 = Debug|Any CPU
		{395F51B5-3A4D-46F5-A9B1-985B976B48AA}.Release|Any CPU.ActiveCfg = Release|Any CPU
		{395F51B5-3A4D-46F5-A9B1-985B976B48AA}.Release|Any CPU.Build.0 = Release|Any CPU
	EndGlobalSection
	GlobalSection(SolutionProperties) = preSolution
		HideSolutionNode = FALSE
	EndGlobalSection
EndGlobal
